
Microsoft Visual Studio Solution File, Format Version 12.00
# Visual Studio 15
VisualStudioVersion = 15.0.27428.2011
MinimumVisualStudioVersion = 10.0.40219.1
Project("{9A19103F-16F7-4668-BE54-9A1E7A4F7556}") = "WebHost", "src\API\WebHost\WebHost.csproj", "{295FD276-0937-46B7-9A4B-8D4DD9013F00}"
EndProject
Project("{FAE04EC0-301F-11D3-BF4B-00C04F79EFBC}") = "BeaverTail.BLL", "src\API\BLL\BeaverTail.BLL.csproj", "{CE73B262-6D62-4C20-A22E-AC6A312A9175}"
EndProject
Project("{2150E333-8FDC-42A3-9474-1A3956D46DE8}") = "API", "API", "{44C9AA0D-3724-43AF-8BB2-3163061CE895}"
EndProject
Project("{FAE04EC0-301F-11D3-BF4B-00C04F79EFBC}") = "DAL", "src\API\DAL\DAL.csproj", "{F12EA846-8A0A-4F64-90EC-B59DE283A365}"
EndProject
Project("{2150E333-8FDC-42A3-9474-1A3956D46DE8}") = "Providers", "Providers", "{8CA1E3DE-A71A-411B-BD6B-2A9B102E5553}"
EndProject
Project("{FAE04EC0-301F-11D3-BF4B-00C04F79EFBC}") = "StaticFileLogProvider", "src\Providers\StaticFileLogProvider\StaticFileLogProvider.csproj", "{4D057005-0CD9-4BB3-ACD5-152D157AB5FC}"
EndProject
Global
	GlobalSection(SolutionConfigurationPlatforms) = preSolution
		Debug|Any CPU = Debug|Any CPU
		Release|Any CPU = Release|Any CPU
	EndGlobalSection
	GlobalSection(ProjectConfigurationPlatforms) = postSolution
		{295FD276-0937-46B7-9A4B-8D4DD9013F00}.Debug|Any CPU.ActiveCfg = Debug|Any CPU
		{295FD276-0937-46B7-9A4B-8D4DD9013F00}.Debug|Any CPU.Build.0 = Debug|Any CPU
		{295FD276-0937-46B7-9A4B-8D4DD9013F00}.Release|Any CPU.ActiveCfg = Release|Any CPU
		{295FD276-0937-46B7-9A4B-8D4DD9013F00}.Release|Any CPU.Build.0 = Release|Any CPU
		{CE73B262-6D62-4C20-A22E-AC6A312A9175}.Debug|Any CPU.ActiveCfg = Debug|Any CPU
		{CE73B262-6D62-4C20-A22E-AC6A312A9175}.Debug|Any CPU.Build.0 = Debug|Any CPU
		{CE73B262-6D62-4C20-A22E-AC6A312A9175}.Release|Any CPU.ActiveCfg = Release|Any CPU
		{CE73B262-6D62-4C20-A22E-AC6A312A9175}.Release|Any CPU.Build.0 = Release|Any CPU
		{F12EA846-8A0A-4F64-90EC-B59DE283A365}.Debug|Any CPU.ActiveCfg = Debug|Any CPU
		{F12EA846-8A0A-4F64-90EC-B59DE283A365}.Debug|Any CPU.Build.0 = Debug|Any CPU
		{F12EA846-8A0A-4F64-90EC-B59DE283A365}.Release|Any CPU.ActiveCfg = Release|Any CPU
		{F12EA846-8A0A-4F64-90EC-B59DE283A365}.Release|Any CPU.Build.0 = Release|Any CPU
		{4D057005-0CD9-4BB3-ACD5-152D157AB5FC}.Debug|Any CPU.ActiveCfg = Debug|Any CPU
		{4D057005-0CD9-4BB3-ACD5-152D157AB5FC}.Debug|Any CPU.Build.0 = Debug|Any CPU
		{4D057005-0CD9-4BB3-ACD5-152D157AB5FC}.Release|Any CPU.ActiveCfg = Release|Any CPU
		{4D057005-0CD9-4BB3-ACD5-152D157AB5FC}.Release|Any CPU.Build.0 = Release|Any CPU
	EndGlobalSection
	GlobalSection(SolutionProperties) = preSolution
		HideSolutionNode = FALSE
	EndGlobalSection
	GlobalSection(NestedProjects) = preSolution
		{295FD276-0937-46B7-9A4B-8D4DD9013F00} = {44C9AA0D-3724-43AF-8BB2-3163061CE895}
		{CE73B262-6D62-4C20-A22E-AC6A312A9175} = {44C9AA0D-3724-43AF-8BB2-3163061CE895}
		{F12EA846-8A0A-4F64-90EC-B59DE283A365} = {44C9AA0D-3724-43AF-8BB2-3163061CE895}
		{4D057005-0CD9-4BB3-ACD5-152D157AB5FC} = {8CA1E3DE-A71A-411B-BD6B-2A9B102E5553}
	EndGlobalSection
	GlobalSection(ExtensibilityGlobals) = postSolution
		SolutionGuid = {94B46720-70CE-4C70-9C03-A49A6CF22C45}
	EndGlobalSection
EndGlobal
